
Microsoft Visual Studio Solution File, Format Version 12.00
# Visual Studio Version 16
VisualStudioVersion = 16.0.31729.503
MinimumVisualStudioVersion = 10.0.40219.1
Project("{9A19103F-16F7-4668-BE54-9A1E7A4F7556}") = "baffis.FrontEnd.Web", "baffis\baffis.FrontEnd.Web.csproj", "{F9418369-E355-437D-BC60-107752C5310C}"
EndProject
Project("{9A19103F-16F7-4668-BE54-9A1E7A4F7556}") = "baffis.Model", "baffis.Model\baffis.Model.csproj", "{CA47AD69-935F-485C-90D5-2DD3DBCF2271}"
EndProject
Project("{9A19103F-16F7-4668-BE54-9A1E7A4F7556}") = "baffis.DataAccess.Interface", "baffis.DataAccess.Interface\baffis.DataAccess.Interface.csproj", "{B77BA11E-41CC-4832-8949-AC6201C96FD8}"
EndProject
Project("{9A19103F-16F7-4668-BE54-9A1E7A4F7556}") = "baffis.DataAccess", "baffis.DataAccess\baffis.DataAccess.csproj", "{D749BF09-347C-45FD-A522-7FD1631A7CA4}"
EndProject
Project("{FAE04EC0-301F-11D3-BF4B-00C04F79EFBC}") = "baffis.BusinessLogic.Interface", "baffis.BusinessLogic.Interface\baffis.BusinessLogic.Interface.csproj", "{6486A17C-256A-4059-B442-F78CCA0AC75A}"
EndProject
Project("{FAE04EC0-301F-11D3-BF4B-00C04F79EFBC}") = "baffis.BussinessLogic", "baffis.BussinessLogic\baffis.BussinessLogic.csproj", "{D5DE74A8-11D2-4B7D-B868-B9FCEB9216A6}"
EndProject
Global
	GlobalSection(SolutionConfigurationPlatforms) = preSolution
		Debug|Any CPU = Debug|Any CPU
		Release|Any CPU = Release|Any CPU
	EndGlobalSection
	GlobalSection(ProjectConfigurationPlatforms) = postSolution
		{F9418369-E355-437D-BC60-107752C5310C}.Debug|Any CPU.ActiveCfg = Debug|Any CPU
		{F9418369-E355-437D-BC60-107752C5310C}.Debug|Any CPU.Build.0 = Debug|Any CPU
		{F9418369-E355-437D-BC60-107752C5310C}.Release|Any CPU.ActiveCfg = Release|Any CPU
		{F9418369-E355-437D-BC60-107752C5310C}.Release|Any CPU.Build.0 = Release|Any CPU
		{CA47AD69-935F-485C-90D5-2DD3DBCF2271}.Debug|Any CPU.ActiveCfg = Debug|Any CPU
		{CA47AD69-935F-485C-90D5-2DD3DBCF2271}.Debug|Any CPU.Build.0 = Debug|Any CPU
		{CA47AD69-935F-485C-90D5-2DD3DBCF2271}.Release|Any CPU.ActiveCfg = Release|Any CPU
		{CA47AD69-935F-485C-90D5-2DD3DBCF2271}.Release|Any CPU.Build.0 = Release|Any CPU
		{B77BA11E-41CC-4832-8949-AC6201C96FD8}.Debug|Any CPU.ActiveCfg = Debug|Any CPU
		{B77BA11E-41CC-4832-8949-AC6201C96FD8}.Debug|Any CPU.Build.0 = Debug|Any CPU
		{B77BA11E-41CC-4832-8949-AC6201C96FD8}.Release|Any CPU.ActiveCfg = Release|Any CPU
		{B77BA11E-41CC-4832-8949-AC6201C96FD8}.Release|Any CPU.Build.0 = Release|Any CPU
		{D749BF09-347C-45FD-A522-7FD1631A7CA4}.Debug|Any CPU.ActiveCfg = Debug|Any CPU
		{D749BF09-347C-45FD-A522-7FD1631A7CA4}.Debug|Any CPU.Build.0 = Debug|Any CPU
		{D749BF09-347C-45FD-A522-7FD1631A7CA4}.Release|Any CPU.ActiveCfg = Release|Any CPU
		{D749BF09-347C-45FD-A522-7FD1631A7CA4}.Release|Any CPU.Build.0 = Release|Any CPU
		{6486A17C-256A-4059-B442-F78CCA0AC75A}.Debug|Any CPU.ActiveCfg = Debug|Any CPU
		{6486A17C-256A-4059-B442-F78CCA0AC75A}.Debug|Any CPU.Build.0 = Debug|Any CPU
		{6486A17C-256A-4059-B442-F78CCA0AC75A}.Release|Any CPU.ActiveCfg = Release|Any CPU
		{6486A17C-256A-4059-B442-F78CCA0AC75A}.Release|Any CPU.Build.0 = Release|Any CPU
		{D5DE74A8-11D2-4B7D-B868-B9FCEB9216A6}.Debug|Any CPU.ActiveCfg = Debug|Any CPU
		{D5DE74A8-11D2-4B7D-B868-B9FCEB9216A6}.Debug|Any CPU.Build.0 = Debug|Any CPU
		{D5DE74A8-11D2-4B7D-B868-B9FCEB9216A6}.Release|Any CPU.ActiveCfg = Release|Any CPU
		{D5DE74A8-11D2-4B7D-B868-B9FCEB9216A6}.Release|Any CPU.Build.0 = Release|Any CPU
	EndGlobalSection
	GlobalSection(SolutionProperties) = preSolution
		HideSolutionNode = FALSE
	EndGlobalSection
	GlobalSection(ExtensibilityGlobals) = postSolution
		SolutionGuid = {B8F6EFA2-C04B-4BAE-84E8-2855AA20E323}
	EndGlobalSection
EndGlobal
